
Microsoft Visual Studio Solution File, Format Version 12.00
# Visual Studio 15
VisualStudioVersion = 15.0.27428.2011
MinimumVisualStudioVersion = 10.0.40219.1
Project("{9A19103F-16F7-4668-BE54-9A1E7A4F7556}") = "FstgWebApi", "FstgWebApi\FstgWebApi.csproj", "{A52C79F2-0370-4CE9-B33C-21870757DC4A}"
EndProject
Project("{9A19103F-16F7-4668-BE54-9A1E7A4F7556}") = "BusinessContracts", "BusinessContracts\BusinessContracts.csproj", "{1CA1E233-A2D1-4D1E-B844-053B07C8424E}"
EndProject
Project("{9A19103F-16F7-4668-BE54-9A1E7A4F7556}") = "BusinessLogic", "BusinessLogic\BusinessLogic.csproj", "{7941204F-A19E-47BC-A27F-C6E8235B3C35}"
EndProject
Project("{9A19103F-16F7-4668-BE54-9A1E7A4F7556}") = "BusinessLogicTests", "BusinessLogicTests\BusinessLogicTests.csproj", "{7493C0D9-F203-47F3-B0F9-1C0419F92432}"
EndProject
Project("{9A19103F-16F7-4668-BE54-9A1E7A4F7556}") = "DataAccess", "DataAccess\DataAccess.csproj", "{1BF50E60-4AE4-4EF0-931D-AFC8E78E7220}"
EndProject
Project("{9A19103F-16F7-4668-BE54-9A1E7A4F7556}") = "DataAccessUnitTests", "DataAccessUnitTests\DataAccessUnitTests.csproj", "{D0323C53-6BEC-4251-A89F-E3D08A45B7E2}"
EndProject
Project("{9A19103F-16F7-4668-BE54-9A1E7A4F7556}") = "DataContracts", "DataContracts\DataContracts.csproj", "{5418185C-9BFB-4B65-9423-BC8BF8447A0E}"
EndProject
Project("{9A19103F-16F7-4668-BE54-9A1E7A4F7556}") = "DataModels", "DataModels\DataModels.csproj", "{50F60727-4FF2-4632-970B-C5A96DBB5474}"
EndProject
Project("{9A19103F-16F7-4668-BE54-9A1E7A4F7556}") = "WebApiUnitTests", "WebApiUnitTests\WebApiUnitTests.csproj", "{98D24F3E-F6B3-4B4C-923E-79921923EE6B}"
EndProject
Project("{9A19103F-16F7-4668-BE54-9A1E7A4F7556}") = "DependencyInjection", "DependencyInjection\DependencyInjection.csproj", "{6E95A3BD-E603-4E04-91EC-184554BF9DE6}"
EndProject
Global
	GlobalSection(SolutionConfigurationPlatforms) = preSolution
		Development|Any CPU = Development|Any CPU
		Local|Any CPU = Local|Any CPU
		LocIIS|Any CPU = LocIIS|Any CPU
		Production|Any CPU = Production|Any CPU
		Staging|Any CPU = Staging|Any CPU
	EndGlobalSection
	GlobalSection(ProjectConfigurationPlatforms) = postSolution
		{A52C79F2-0370-4CE9-B33C-21870757DC4A}.Development|Any CPU.ActiveCfg = Development|Any CPU
		{A52C79F2-0370-4CE9-B33C-21870757DC4A}.Development|Any CPU.Build.0 = Development|Any CPU
		{A52C79F2-0370-4CE9-B33C-21870757DC4A}.Local|Any CPU.ActiveCfg = Local|Any CPU
		{A52C79F2-0370-4CE9-B33C-21870757DC4A}.Local|Any CPU.Build.0 = Local|Any CPU
		{A52C79F2-0370-4CE9-B33C-21870757DC4A}.LocIIS|Any CPU.ActiveCfg = LocIIS|Any CPU
		{A52C79F2-0370-4CE9-B33C-21870757DC4A}.LocIIS|Any CPU.Build.0 = LocIIS|Any CPU
		{A52C79F2-0370-4CE9-B33C-21870757DC4A}.Production|Any CPU.ActiveCfg = Production|Any CPU
		{A52C79F2-0370-4CE9-B33C-21870757DC4A}.Production|Any CPU.Build.0 = Production|Any CPU
		{A52C79F2-0370-4CE9-B33C-21870757DC4A}.Staging|Any CPU.ActiveCfg = Staging|Any CPU
		{A52C79F2-0370-4CE9-B33C-21870757DC4A}.Staging|Any CPU.Build.0 = Staging|Any CPU
		{1CA1E233-A2D1-4D1E-B844-053B07C8424E}.Development|Any CPU.ActiveCfg = Development|Any CPU
		{1CA1E233-A2D1-4D1E-B844-053B07C8424E}.Development|Any CPU.Build.0 = Development|Any CPU
		{1CA1E233-A2D1-4D1E-B844-053B07C8424E}.Local|Any CPU.ActiveCfg = Local|Any CPU
		{1CA1E233-A2D1-4D1E-B844-053B07C8424E}.Local|Any CPU.Build.0 = Local|Any CPU
		{1CA1E233-A2D1-4D1E-B844-053B07C8424E}.LocIIS|Any CPU.ActiveCfg = LocIIS|Any CPU
		{1CA1E233-A2D1-4D1E-B844-053B07C8424E}.LocIIS|Any CPU.Build.0 = LocIIS|Any CPU
		{1CA1E233-A2D1-4D1E-B844-053B07C8424E}.Production|Any CPU.ActiveCfg = Production|Any CPU
		{1CA1E233-A2D1-4D1E-B844-053B07C8424E}.Production|Any CPU.Build.0 = Production|Any CPU
		{1CA1E233-A2D1-4D1E-B844-053B07C8424E}.Staging|Any CPU.ActiveCfg = Staging|Any CPU
		{1CA1E233-A2D1-4D1E-B844-053B07C8424E}.Staging|Any CPU.Build.0 = Staging|Any CPU
		{7941204F-A19E-47BC-A27F-C6E8235B3C35}.Development|Any CPU.ActiveCfg = Development|Any CPU
		{7941204F-A19E-47BC-A27F-C6E8235B3C35}.Development|Any CPU.Build.0 = Development|Any CPU
		{7941204F-A19E-47BC-A27F-C6E8235B3C35}.Local|Any CPU.ActiveCfg = Local|Any CPU
		{7941204F-A19E-47BC-A27F-C6E8235B3C35}.Local|Any CPU.Build.0 = Local|Any CPU
		{7941204F-A19E-47BC-A27F-C6E8235B3C35}.LocIIS|Any CPU.ActiveCfg = LocIIS|Any CPU
		{7941204F-A19E-47BC-A27F-C6E8235B3C35}.LocIIS|Any CPU.Build.0 = LocIIS|Any CPU
		{7941204F-A19E-47BC-A27F-C6E8235B3C35}.Production|Any CPU.ActiveCfg = Production|Any CPU
		{7941204F-A19E-47BC-A27F-C6E8235B3C35}.Production|Any CPU.Build.0 = Production|Any CPU
		{7941204F-A19E-47BC-A27F-C6E8235B3C35}.Staging|Any CPU.ActiveCfg = Staging|Any CPU
		{7941204F-A19E-47BC-A27F-C6E8235B3C35}.Staging|Any CPU.Build.0 = Staging|Any CPU
		{7493C0D9-F203-47F3-B0F9-1C0419F92432}.Development|Any CPU.ActiveCfg = Development|Any CPU
		{7493C0D9-F203-47F3-B0F9-1C0419F92432}.Development|Any CPU.Build.0 = Development|Any CPU
		{7493C0D9-F203-47F3-B0F9-1C0419F92432}.Local|Any CPU.ActiveCfg = Local|Any CPU
		{7493C0D9-F203-47F3-B0F9-1C0419F92432}.Local|Any CPU.Build.0 = Local|Any CPU
		{7493C0D9-F203-47F3-B0F9-1C0419F92432}.LocIIS|Any CPU.ActiveCfg = LocIIS|Any CPU
		{7493C0D9-F203-47F3-B0F9-1C0419F92432}.LocIIS|Any CPU.Build.0 = LocIIS|Any CPU
		{7493C0D9-F203-47F3-B0F9-1C0419F92432}.Production|Any CPU.ActiveCfg = Production|Any CPU
		{7493C0D9-F203-47F3-B0F9-1C0419F92432}.Production|Any CPU.Build.0 = Production|Any CPU
		{7493C0D9-F203-47F3-B0F9-1C0419F92432}.Staging|Any CPU.ActiveCfg = Staging|Any CPU
		{7493C0D9-F203-47F3-B0F9-1C0419F92432}.Staging|Any CPU.Build.0 = Staging|Any CPU
		{1BF50E60-4AE4-4EF0-931D-AFC8E78E7220}.Development|Any CPU.ActiveCfg = Development|Any CPU
		{1BF50E60-4AE4-4EF0-931D-AFC8E78E7220}.Development|Any CPU.Build.0 = Development|Any CPU
		{1BF50E60-4AE4-4EF0-931D-AFC8E78E7220}.Local|Any CPU.ActiveCfg = Local|Any CPU
		{1BF50E60-4AE4-4EF0-931D-AFC8E78E7220}.Local|Any CPU.Build.0 = Local|Any CPU
		{1BF50E60-4AE4-4EF0-931D-AFC8E78E7220}.LocIIS|Any CPU.ActiveCfg = LocIIS|Any CPU
		{1BF50E60-4AE4-4EF0-931D-AFC8E78E7220}.LocIIS|Any CPU.Build.0 = LocIIS|Any CPU
		{1BF50E60-4AE4-4EF0-931D-AFC8E78E7220}.Production|Any CPU.ActiveCfg = Production|Any CPU
		{1BF50E60-4AE4-4EF0-931D-AFC8E78E7220}.Production|Any CPU.Build.0 = Production|Any CPU
		{1BF50E60-4AE4-4EF0-931D-AFC8E78E7220}.Staging|Any CPU.ActiveCfg = Staging|Any CPU
		{1BF50E60-4AE4-4EF0-931D-AFC8E78E7220}.Staging|Any CPU.Build.0 = Staging|Any CPU
		{D0323C53-6BEC-4251-A89F-E3D08A45B7E2}.Development|Any CPU.ActiveCfg = Development|Any CPU
		{D0323C53-6BEC-4251-A89F-E3D08A45B7E2}.Development|Any CPU.Build.0 = Development|Any CPU
		{D0323C53-6BEC-4251-A89F-E3D08A45B7E2}.Local|Any CPU.ActiveCfg = Local|Any CPU
		{D0323C53-6BEC-4251-A89F-E3D08A45B7E2}.Local|Any CPU.Build.0 = Local|Any CPU
		{D0323C53-6BEC-4251-A89F-E3D08A45B7E2}.LocIIS|Any CPU.ActiveCfg = LocIIS|Any CPU
		{D0323C53-6BEC-4251-A89F-E3D08A45B7E2}.LocIIS|Any CPU.Build.0 = LocIIS|Any CPU
		{D0323C53-6BEC-4251-A89F-E3D08A45B7E2}.Production|Any CPU.ActiveCfg = Production|Any CPU
		{D0323C53-6BEC-4251-A89F-E3D08A45B7E2}.Production|Any CPU.Build.0 = Production|Any CPU
		{D0323C53-6BEC-4251-A89F-E3D08A45B7E2}.Staging|Any CPU.ActiveCfg = Staging|Any CPU
		{D0323C53-6BEC-4251-A89F-E3D08A45B7E2}.Staging|Any CPU.Build.0 = Staging|Any CPU
		{5418185C-9BFB-4B65-9423-BC8BF8447A0E}.Development|Any CPU.ActiveCfg = Development|Any CPU
		{5418185C-9BFB-4B65-9423-BC8BF8447A0E}.Development|Any CPU.Build.0 = Development|Any CPU
		{5418185C-9BFB-4B65-9423-BC8BF8447A0E}.Local|Any CPU.ActiveCfg = Local|Any CPU
		{5418185C-9BFB-4B65-9423-BC8BF8447A0E}.Local|Any CPU.Build.0 = Local|Any CPU
		{5418185C-9BFB-4B65-9423-BC8BF8447A0E}.LocIIS|Any CPU.ActiveCfg = LocIIS|Any CPU
		{5418185C-9BFB-4B65-9423-BC8BF8447A0E}.LocIIS|Any CPU.Build.0 = LocIIS|Any CPU
		{5418185C-9BFB-4B65-9423-BC8BF8447A0E}.Production|Any CPU.ActiveCfg = Production|Any CPU
		{5418185C-9BFB-4B65-9423-BC8BF8447A0E}.Production|Any CPU.Build.0 = Production|Any CPU
		{5418185C-9BFB-4B65-9423-BC8BF8447A0E}.Staging|Any CPU.ActiveCfg = Staging|Any CPU
		{5418185C-9BFB-4B65-9423-BC8BF8447A0E}.Staging|Any CPU.Build.0 = Staging|Any CPU
		{50F60727-4FF2-4632-970B-C5A96DBB5474}.Development|Any CPU.ActiveCfg = Development|Any CPU
		{50F60727-4FF2-4632-970B-C5A96DBB5474}.Development|Any CPU.Build.0 = Development|Any CPU
		{50F60727-4FF2-4632-970B-C5A96DBB5474}.Local|Any CPU.ActiveCfg = Local|Any CPU
		{50F60727-4FF2-4632-970B-C5A96DBB5474}.Local|Any CPU.Build.0 = Local|Any CPU
		{50F60727-4FF2-4632-970B-C5A96DBB5474}.LocIIS|Any CPU.ActiveCfg = LocIIS|Any CPU
		{50F60727-4FF2-4632-970B-C5A96DBB5474}.LocIIS|Any CPU.Build.0 = LocIIS|Any CPU
		{50F60727-4FF2-4632-970B-C5A96DBB5474}.Production|Any CPU.ActiveCfg = Production|Any CPU
		{50F60727-4FF2-4632-970B-C5A96DBB5474}.Production|Any CPU.Build.0 = Production|Any CPU
		{50F60727-4FF2-4632-970B-C5A96DBB5474}.Staging|Any CPU.ActiveCfg = Staging|Any CPU
		{50F60727-4FF2-4632-970B-C5A96DBB5474}.Staging|Any CPU.Build.0 = Staging|Any CPU
		{98D24F3E-F6B3-4B4C-923E-79921923EE6B}.Development|Any CPU.ActiveCfg = Development|Any CPU
		{98D24F3E-F6B3-4B4C-923E-79921923EE6B}.Development|Any CPU.Build.0 = Development|Any CPU
		{98D24F3E-F6B3-4B4C-923E-79921923EE6B}.Local|Any CPU.ActiveCfg = Local|Any CPU
		{98D24F3E-F6B3-4B4C-923E-79921923EE6B}.Local|Any CPU.Build.0 = Local|Any CPU
		{98D24F3E-F6B3-4B4C-923E-79921923EE6B}.LocIIS|Any CPU.ActiveCfg = LocIIS|Any CPU
		{98D24F3E-F6B3-4B4C-923E-79921923EE6B}.LocIIS|Any CPU.Build.0 = LocIIS|Any CPU
		{98D24F3E-F6B3-4B4C-923E-79921923EE6B}.Production|Any CPU.ActiveCfg = Production|Any CPU
		{98D24F3E-F6B3-4B4C-923E-79921923EE6B}.Production|Any CPU.Build.0 = Production|Any CPU
		{98D24F3E-F6B3-4B4C-923E-79921923EE6B}.Staging|Any CPU.ActiveCfg = Staging|Any CPU
		{98D24F3E-F6B3-4B4C-923E-79921923EE6B}.Staging|Any CPU.Build.0 = Staging|Any CPU
		{6E95A3BD-E603-4E04-91EC-184554BF9DE6}.Development|Any CPU.ActiveCfg = Development|Any CPU
		{6E95A3BD-E603-4E04-91EC-184554BF9DE6}.Development|Any CPU.Build.0 = Development|Any CPU
		{6E95A3BD-E603-4E04-91EC-184554BF9DE6}.Local|Any CPU.ActiveCfg = Local|Any CPU
		{6E95A3BD-E603-4E04-91EC-184554BF9DE6}.Local|Any CPU.Build.0 = Local|Any CPU
		{6E95A3BD-E603-4E04-91EC-184554BF9DE6}.LocIIS|Any CPU.ActiveCfg = LocIIS|Any CPU
		{6E95A3BD-E603-4E04-91EC-184554BF9DE6}.LocIIS|Any CPU.Build.0 = LocIIS|Any CPU
		{6E95A3BD-E603-4E04-91EC-184554BF9DE6}.Production|Any CPU.ActiveCfg = Production|Any CPU
		{6E95A3BD-E603-4E04-91EC-184554BF9DE6}.Production|Any CPU.Build.0 = Production|Any CPU
		{6E95A3BD-E603-4E04-91EC-184554BF9DE6}.Staging|Any CPU.ActiveCfg = Staging|Any CPU
		{6E95A3BD-E603-4E04-91EC-184554BF9DE6}.Staging|Any CPU.Build.0 = Staging|Any CPU
	EndGlobalSection
	GlobalSection(SolutionProperties) = preSolution
		HideSolutionNode = FALSE
	EndGlobalSection
	GlobalSection(ExtensibilityGlobals) = postSolution
		SolutionGuid = {E7CC130E-7598-4594-8BA8-FAE6B219A357}
	EndGlobalSection
EndGlobal
