
Microsoft Visual Studio Solution File, Format Version 12.00
# Visual Studio 15
VisualStudioVersion = 15.0.27428.2011
MinimumVisualStudioVersion = 10.0.40219.1
Project("{9A19103F-16F7-4668-BE54-9A1E7A4F7556}") = "FstgWebApi", "FstgWebApi\FstgWebApi.csproj", "{A52C79F2-0370-4CE9-B33C-21870757DC4A}"
EndProject
Project("{FAE04EC0-301F-11D3-BF4B-00C04F79EFBC}") = "BusinessContracts", "BusinessContracts\BusinessContracts.csproj", "{1CA1E233-A2D1-4D1E-B844-053B07C8424E}"
EndProject
Project("{FAE04EC0-301F-11D3-BF4B-00C04F79EFBC}") = "BusinessLogic", "BusinessLogic\BusinessLogic.csproj", "{7941204F-A19E-47BC-A27F-C6E8235B3C35}"
EndProject
Project("{FAE04EC0-301F-11D3-BF4B-00C04F79EFBC}") = "BusinessLogicTests", "BusinessLogicTests\BusinessLogicTests.csproj", "{7493C0D9-F203-47F3-B0F9-1C0419F92432}"
EndProject
Project("{FAE04EC0-301F-11D3-BF4B-00C04F79EFBC}") = "DataAccess", "DataAccess\DataAccess.csproj", "{1BF50E60-4AE4-4EF0-931D-AFC8E78E7220}"
EndProject
Project("{FAE04EC0-301F-11D3-BF4B-00C04F79EFBC}") = "DataAccessUnitTests", "DataAccessUnitTests\DataAccessUnitTests.csproj", "{D0323C53-6BEC-4251-A89F-E3D08A45B7E2}"
EndProject
Project("{FAE04EC0-301F-11D3-BF4B-00C04F79EFBC}") = "DataContracts", "DataContracts\DataContracts.csproj", "{5418185C-9BFB-4B65-9423-BC8BF8447A0E}"
EndProject
Project("{FAE04EC0-301F-11D3-BF4B-00C04F79EFBC}") = "DataModels", "DataModels\DataModels.csproj", "{50F60727-4FF2-4632-970B-C5A96DBB5474}"
EndProject
Project("{FAE04EC0-301F-11D3-BF4B-00C04F79EFBC}") = "WebApiUnitTests", "WebApiUnitTests\WebApiUnitTests.csproj", "{98D24F3E-F6B3-4B4C-923E-79921923EE6B}"
EndProject
Global
	GlobalSection(SolutionConfigurationPlatforms) = preSolution
		Debug|Any CPU = Debug|Any CPU
		Release|Any CPU = Release|Any CPU
	EndGlobalSection
	GlobalSection(ProjectConfigurationPlatforms) = postSolution
		{A52C79F2-0370-4CE9-B33C-21870757DC4A}.Debug|Any CPU.ActiveCfg = Debug|Any CPU
		{A52C79F2-0370-4CE9-B33C-21870757DC4A}.Debug|Any CPU.Build.0 = Debug|Any CPU
		{A52C79F2-0370-4CE9-B33C-21870757DC4A}.Release|Any CPU.ActiveCfg = Release|Any CPU
		{A52C79F2-0370-4CE9-B33C-21870757DC4A}.Release|Any CPU.Build.0 = Release|Any CPU
		{1CA1E233-A2D1-4D1E-B844-053B07C8424E}.Debug|Any CPU.ActiveCfg = Debug|Any CPU
		{1CA1E233-A2D1-4D1E-B844-053B07C8424E}.Debug|Any CPU.Build.0 = Debug|Any CPU
		{1CA1E233-A2D1-4D1E-B844-053B07C8424E}.Release|Any CPU.ActiveCfg = Release|Any CPU
		{1CA1E233-A2D1-4D1E-B844-053B07C8424E}.Release|Any CPU.Build.0 = Release|Any CPU
		{7941204F-A19E-47BC-A27F-C6E8235B3C35}.Debug|Any CPU.ActiveCfg = Debug|Any CPU
		{7941204F-A19E-47BC-A27F-C6E8235B3C35}.Debug|Any CPU.Build.0 = Debug|Any CPU
		{7941204F-A19E-47BC-A27F-C6E8235B3C35}.Release|Any CPU.ActiveCfg = Release|Any CPU
		{7941204F-A19E-47BC-A27F-C6E8235B3C35}.Release|Any CPU.Build.0 = Release|Any CPU
		{7493C0D9-F203-47F3-B0F9-1C0419F92432}.Debug|Any CPU.ActiveCfg = Debug|Any CPU
		{7493C0D9-F203-47F3-B0F9-1C0419F92432}.Debug|Any CPU.Build.0 = Debug|Any CPU
		{7493C0D9-F203-47F3-B0F9-1C0419F92432}.Release|Any CPU.ActiveCfg = Release|Any CPU
		{7493C0D9-F203-47F3-B0F9-1C0419F92432}.Release|Any CPU.Build.0 = Release|Any CPU
		{1BF50E60-4AE4-4EF0-931D-AFC8E78E7220}.Debug|Any CPU.ActiveCfg = Debug|Any CPU
		{1BF50E60-4AE4-4EF0-931D-AFC8E78E7220}.Debug|Any CPU.Build.0 = Debug|Any CPU
		{1BF50E60-4AE4-4EF0-931D-AFC8E78E7220}.Release|Any CPU.ActiveCfg = Release|Any CPU
		{1BF50E60-4AE4-4EF0-931D-AFC8E78E7220}.Release|Any CPU.Build.0 = Release|Any CPU
		{D0323C53-6BEC-4251-A89F-E3D08A45B7E2}.Debug|Any CPU.ActiveCfg = Debug|Any CPU
		{D0323C53-6BEC-4251-A89F-E3D08A45B7E2}.Debug|Any CPU.Build.0 = Debug|Any CPU
		{D0323C53-6BEC-4251-A89F-E3D08A45B7E2}.Release|Any CPU.ActiveCfg = Release|Any CPU
		{D0323C53-6BEC-4251-A89F-E3D08A45B7E2}.Release|Any CPU.Build.0 = Release|Any CPU
		{5418185C-9BFB-4B65-9423-BC8BF8447A0E}.Debug|Any CPU.ActiveCfg = Debug|Any CPU
		{5418185C-9BFB-4B65-9423-BC8BF8447A0E}.Debug|Any CPU.Build.0 = Debug|Any CPU
		{5418185C-9BFB-4B65-9423-BC8BF8447A0E}.Release|Any CPU.ActiveCfg = Release|Any CPU
		{5418185C-9BFB-4B65-9423-BC8BF8447A0E}.Release|Any CPU.Build.0 = Release|Any CPU
		{50F60727-4FF2-4632-970B-C5A96DBB5474}.Debug|Any CPU.ActiveCfg = Debug|Any CPU
		{50F60727-4FF2-4632-970B-C5A96DBB5474}.Debug|Any CPU.Build.0 = Debug|Any CPU
		{50F60727-4FF2-4632-970B-C5A96DBB5474}.Release|Any CPU.ActiveCfg = Release|Any CPU
		{50F60727-4FF2-4632-970B-C5A96DBB5474}.Release|Any CPU.Build.0 = Release|Any CPU
		{98D24F3E-F6B3-4B4C-923E-79921923EE6B}.Debug|Any CPU.ActiveCfg = Debug|Any CPU
		{98D24F3E-F6B3-4B4C-923E-79921923EE6B}.Debug|Any CPU.Build.0 = Debug|Any CPU
		{98D24F3E-F6B3-4B4C-923E-79921923EE6B}.Release|Any CPU.ActiveCfg = Release|Any CPU
		{98D24F3E-F6B3-4B4C-923E-79921923EE6B}.Release|Any CPU.Build.0 = Release|Any CPU
	EndGlobalSection
	GlobalSection(SolutionProperties) = preSolution
		HideSolutionNode = FALSE
	EndGlobalSection
	GlobalSection(ExtensibilityGlobals) = postSolution
		SolutionGuid = {E7CC130E-7598-4594-8BA8-FAE6B219A357}
	EndGlobalSection
EndGlobal
